
Microsoft Visual Studio Solution File, Format Version 12.00
# Visual Studio Version 17
VisualStudioVersion = 17.8.34316.72
MinimumVisualStudioVersion = 10.0.40219.1
Project("{FAE04EC0-301F-11D3-BF4B-00C04F79EFBC}") = "NewProject", "NewProject\NewProject.csproj", "{69CF2191-71A7-414E-9AA9-F58CF88BAC3C}"
EndProject
Global
	GlobalSection(SolutionConfigurationPlatforms) = preSolution
		Debug|Any CPU = Debug|Any CPU
		Release|Any CPU = Release|Any CPU
	EndGlobalSection
	GlobalSection(ProjectConfigurationPlatforms) = postSolution
		{69CF2191-71A7-414E-9AA9-F58CF88BAC3C}.Debug|Any CPU.ActiveCfg = Debug|Any CPU
		{69CF2191-71A7-414E-9AA9-F58CF88BAC3C}.Debug|Any CPU.Build.0 = Debug|Any CPU
		{69CF2191-71A7-414E-9AA9-F58CF88BAC3C}.Release|Any CPU.ActiveCfg = Release|Any CPU
		{69CF2191-71A7-414E-9AA9-F58CF88BAC3C}.Release|Any CPU.Build.0 = Release|Any CPU
	EndGlobalSection
	GlobalSection(SolutionProperties) = preSolution
		HideSolutionNode = FALSE
	EndGlobalSection
	GlobalSection(ExtensibilityGlobals) = postSolution
		SolutionGuid = {693092A7-F689-4E27-8A98-A51C0ED1634C}
	EndGlobalSection
EndGlobal
